// !$*UTF8*$!
{
	archiveVersion = 1;
	classes = {
	};
	objectVersion = 56;
	objects = {

/* Begin PBXBuildFile section */
		920AF589299436A300A36578 /* ProfileHeaderView.swift in Sources */ = {isa = PBXBuildFile; fileRef = 920AF588299436A300A36578 /* ProfileHeaderView.swift */; };
		92188B68299E9BEF00BC1537 /* UITextFieldExt.swift in Sources */ = {isa = PBXBuildFile; fileRef = 92188B67299E9BEF00BC1537 /* UITextFieldExt.swift */; };
		92188B6A299EA2A700BC1537 /* LogInViewController.swift in Sources */ = {isa = PBXBuildFile; fileRef = 92188B69299EA2A700BC1537 /* LogInViewController.swift */; };
		9272746829B89C47000887A0 /* FeedCollectionViewCell.swift in Sources */ = {isa = PBXBuildFile; fileRef = 9272746729B89C47000887A0 /* FeedCollectionViewCell.swift */; };
		92735C87298C50EE00313A4F /* InfoViewController.swift in Sources */ = {isa = PBXBuildFile; fileRef = 92735C86298C50EE00313A4F /* InfoViewController.swift */; };
		92754E1229B4A5510005DBD8 /* PhotosViewControllerExt.swift in Sources */ = {isa = PBXBuildFile; fileRef = 92754E1129B4A5510005DBD8 /* PhotosViewControllerExt.swift */; };
		929161DC29B7599D009B21CE /* Photo.swift in Sources */ = {isa = PBXBuildFile; fileRef = 929161DB29B7599D009B21CE /* Photo.swift */; };
		92A2101129ACC238009BCA4A /* PhotosTableViewCell.swift in Sources */ = {isa = PBXBuildFile; fileRef = 92A2101029ACC238009BCA4A /* PhotosTableViewCell.swift */; };
		92A2101529ACDB26009BCA4A /* PhotosCollectionViewCell.swift in Sources */ = {isa = PBXBuildFile; fileRef = 92A2101429ACDB26009BCA4A /* PhotosCollectionViewCell.swift */; };
		92ADEBF729B3833E006FA9A8 /* PhotosViewController.swift in Sources */ = {isa = PBXBuildFile; fileRef = 92ADEBF629B3833E006FA9A8 /* PhotosViewController.swift */; };
		92AE01EA298A920400BCC170 /* AppDelegate.swift in Sources */ = {isa = PBXBuildFile; fileRef = 92AE01E9298A920400BCC170 /* AppDelegate.swift */; };
		92AE01EC298A920400BCC170 /* SceneDelegate.swift in Sources */ = {isa = PBXBuildFile; fileRef = 92AE01EB298A920400BCC170 /* SceneDelegate.swift */; };
		92AE01F3298A920600BCC170 /* Assets.xcassets in Resources */ = {isa = PBXBuildFile; fileRef = 92AE01F2298A920600BCC170 /* Assets.xcassets */; };
		92AE01F6298A920600BCC170 /* LaunchScreen.storyboard in Resources */ = {isa = PBXBuildFile; fileRef = 92AE01F4298A920600BCC170 /* LaunchScreen.storyboard */; };
		92AE0200298A9F1800BCC170 /* FeedViewController.swift in Sources */ = {isa = PBXBuildFile; fileRef = 92AE01FF298A9F1800BCC170 /* FeedViewController.swift */; };
		92AE0202298A9F3B00BCC170 /* ProfileViewController.swift in Sources */ = {isa = PBXBuildFile; fileRef = 92AE0201298A9F3B00BCC170 /* ProfileViewController.swift */; };
		92AE0205298AB49E00BCC170 /* PostViewController.swift in Sources */ = {isa = PBXBuildFile; fileRef = 92AE0204298AB49E00BCC170 /* PostViewController.swift */; };
		92AE0208298AB4DC00BCC170 /* Post.swift in Sources */ = {isa = PBXBuildFile; fileRef = 92AE0207298AB4DC00BCC170 /* Post.swift */; };
		92AE020B298AB80400BCC170 /* AppButton.swift in Sources */ = {isa = PBXBuildFile; fileRef = 92AE020A298AB80400BCC170 /* AppButton.swift */; };
		92C3967929BE03F7005FADAF /* PostTableViewCellExt.swift in Sources */ = {isa = PBXBuildFile; fileRef = 92C3967829BE03F7005FADAF /* PostTableViewCellExt.swift */; };
		92CE1FD029A89A2F00B61A30 /* UIViewExt.swift in Sources */ = {isa = PBXBuildFile; fileRef = 92CE1FCF29A89A2F00B61A30 /* UIViewExt.swift */; };
		92CE1FD229A89AC400B61A30 /* ProfileViewControllerExt.swift in Sources */ = {isa = PBXBuildFile; fileRef = 92CE1FD129A89AC400B61A30 /* ProfileViewControllerExt.swift */; };
		92CE1FD429A8D35B00B61A30 /* PostTableViewCell.swift in Sources */ = {isa = PBXBuildFile; fileRef = 92CE1FD329A8D35B00B61A30 /* PostTableViewCell.swift */; };
		92F4C20029B9DD7C00349D7D /* PhotosTableViewCellExt.swift in Sources */ = {isa = PBXBuildFile; fileRef = 92F4C1FF29B9DD7C00349D7D /* PhotosTableViewCellExt.swift */; };
/* End PBXBuildFile section */

/* Begin PBXFileReference section */
		920AF588299436A300A36578 /* ProfileHeaderView.swift */ = {isa = PBXFileReference; lastKnownFileType = sourcecode.swift; path = ProfileHeaderView.swift; sourceTree = "<group>"; };
		92188B67299E9BEF00BC1537 /* UITextFieldExt.swift */ = {isa = PBXFileReference; lastKnownFileType = sourcecode.swift; path = UITextFieldExt.swift; sourceTree = "<group>"; };
		92188B69299EA2A700BC1537 /* LogInViewController.swift */ = {isa = PBXFileReference; lastKnownFileType = sourcecode.swift; path = LogInViewController.swift; sourceTree = "<group>"; };
		9272746729B89C47000887A0 /* FeedCollectionViewCell.swift */ = {isa = PBXFileReference; lastKnownFileType = sourcecode.swift; path = FeedCollectionViewCell.swift; sourceTree = "<group>"; };
		92735C86298C50EE00313A4F /* InfoViewController.swift */ = {isa = PBXFileReference; lastKnownFileType = sourcecode.swift; path = InfoViewController.swift; sourceTree = "<group>"; };
		92754E1129B4A5510005DBD8 /* PhotosViewControllerExt.swift */ = {isa = PBXFileReference; lastKnownFileType = sourcecode.swift; path = PhotosViewControllerExt.swift; sourceTree = "<group>"; };
		929161DB29B7599D009B21CE /* Photo.swift */ = {isa = PBXFileReference; lastKnownFileType = sourcecode.swift; path = Photo.swift; sourceTree = "<group>"; };
		92A2101029ACC238009BCA4A /* PhotosTableViewCell.swift */ = {isa = PBXFileReference; lastKnownFileType = sourcecode.swift; path = PhotosTableViewCell.swift; sourceTree = "<group>"; };
		92A2101429ACDB26009BCA4A /* PhotosCollectionViewCell.swift */ = {isa = PBXFileReference; lastKnownFileType = sourcecode.swift; path = PhotosCollectionViewCell.swift; sourceTree = "<group>"; };
		92ADEBF629B3833E006FA9A8 /* PhotosViewController.swift */ = {isa = PBXFileReference; lastKnownFileType = sourcecode.swift; path = PhotosViewController.swift; sourceTree = SOURCE_ROOT; };
		92AE01E6298A920400BCC170 /* Navigation.app */ = {isa = PBXFileReference; explicitFileType = wrapper.application; includeInIndex = 0; path = Navigation.app; sourceTree = BUILT_PRODUCTS_DIR; };
		92AE01E9298A920400BCC170 /* AppDelegate.swift */ = {isa = PBXFileReference; lastKnownFileType = sourcecode.swift; path = AppDelegate.swift; sourceTree = "<group>"; };
		92AE01EB298A920400BCC170 /* SceneDelegate.swift */ = {isa = PBXFileReference; lastKnownFileType = sourcecode.swift; path = SceneDelegate.swift; sourceTree = "<group>"; };
		92AE01F2298A920600BCC170 /* Assets.xcassets */ = {isa = PBXFileReference; lastKnownFileType = folder.assetcatalog; path = Assets.xcassets; sourceTree = "<group>"; };
		92AE01F5298A920600BCC170 /* Base */ = {isa = PBXFileReference; lastKnownFileType = file.storyboard; name = Base; path = Base.lproj/LaunchScreen.storyboard; sourceTree = "<group>"; };
		92AE01F7298A920600BCC170 /* Info.plist */ = {isa = PBXFileReference; lastKnownFileType = text.plist.xml; path = Info.plist; sourceTree = "<group>"; };
		92AE01FF298A9F1800BCC170 /* FeedViewController.swift */ = {isa = PBXFileReference; lastKnownFileType = sourcecode.swift; path = FeedViewController.swift; sourceTree = "<group>"; };
		92AE0201298A9F3B00BCC170 /* ProfileViewController.swift */ = {isa = PBXFileReference; lastKnownFileType = sourcecode.swift; path = ProfileViewController.swift; sourceTree = "<group>"; };
		92AE0204298AB49E00BCC170 /* PostViewController.swift */ = {isa = PBXFileReference; lastKnownFileType = sourcecode.swift; path = PostViewController.swift; sourceTree = "<group>"; };
		92AE0207298AB4DC00BCC170 /* Post.swift */ = {isa = PBXFileReference; lastKnownFileType = sourcecode.swift; path = Post.swift; sourceTree = "<group>"; };
		92AE020A298AB80400BCC170 /* AppButton.swift */ = {isa = PBXFileReference; lastKnownFileType = sourcecode.swift; path = AppButton.swift; sourceTree = "<group>"; };
		92C3967829BE03F7005FADAF /* PostTableViewCellExt.swift */ = {isa = PBXFileReference; lastKnownFileType = sourcecode.swift; path = PostTableViewCellExt.swift; sourceTree = "<group>"; };
		92CE1FCF29A89A2F00B61A30 /* UIViewExt.swift */ = {isa = PBXFileReference; lastKnownFileType = sourcecode.swift; path = UIViewExt.swift; sourceTree = "<group>"; };
		92CE1FD129A89AC400B61A30 /* ProfileViewControllerExt.swift */ = {isa = PBXFileReference; lastKnownFileType = sourcecode.swift; path = ProfileViewControllerExt.swift; sourceTree = "<group>"; };
		92CE1FD329A8D35B00B61A30 /* PostTableViewCell.swift */ = {isa = PBXFileReference; lastKnownFileType = sourcecode.swift; path = PostTableViewCell.swift; sourceTree = "<group>"; };
		92F4C1FF29B9DD7C00349D7D /* PhotosTableViewCellExt.swift */ = {isa = PBXFileReference; lastKnownFileType = sourcecode.swift; path = PhotosTableViewCellExt.swift; sourceTree = "<group>"; };
/* End PBXFileReference section */

/* Begin PBXFrameworksBuildPhase section */
		92AE01E3298A920400BCC170 /* Frameworks */ = {
			isa = PBXFrameworksBuildPhase;
			buildActionMask = 2147483647;
			files = (
			);
			runOnlyForDeploymentPostprocessing = 0;
		};
/* End PBXFrameworksBuildPhase section */

/* Begin PBXGroup section */
		920AF5872994364600A36578 /* Profile */ = {
			isa = PBXGroup;
			children = (
				92CE1FD329A8D35B00B61A30 /* PostTableViewCell.swift */,
				92A2101029ACC238009BCA4A /* PhotosTableViewCell.swift */,
				92A2101429ACDB26009BCA4A /* PhotosCollectionViewCell.swift */,
				920AF588299436A300A36578 /* ProfileHeaderView.swift */,
				9272746729B89C47000887A0 /* FeedCollectionViewCell.swift */,
			);
			path = Profile;
			sourceTree = "<group>";
		};
		92188B66299E9BB600BC1537 /* Extentions */ = {
			isa = PBXGroup;
			children = (
				92188B67299E9BEF00BC1537 /* UITextFieldExt.swift */,
				92CE1FCF29A89A2F00B61A30 /* UIViewExt.swift */,
				92CE1FD129A89AC400B61A30 /* ProfileViewControllerExt.swift */,
				92754E1129B4A5510005DBD8 /* PhotosViewControllerExt.swift */,
				92F4C1FF29B9DD7C00349D7D /* PhotosTableViewCellExt.swift */,
				92C3967829BE03F7005FADAF /* PostTableViewCellExt.swift */,
			);
			path = Extentions;
			sourceTree = "<group>";
		};
		92AE01DD298A920400BCC170 = {
			isa = PBXGroup;
			children = (
				92AE01E8298A920400BCC170 /* Navigation */,
				92AE01E7298A920400BCC170 /* Products */,
			);
			sourceTree = "<group>";
		};
		92AE01E7298A920400BCC170 /* Products */ = {
			isa = PBXGroup;
			children = (
				92AE01E6298A920400BCC170 /* Navigation.app */,
			);
			name = Products;
			sourceTree = "<group>";
		};
		92AE01E8298A920400BCC170 /* Navigation */ = {
			isa = PBXGroup;
			children = (
				92188B66299E9BB600BC1537 /* Extentions */,
				920AF5872994364600A36578 /* Profile */,
				92AE0209298AB7D400BCC170 /* Custom Views */,
				92AE0206298AB4CC00BCC170 /* Model */,
				92AE01E9298A920400BCC170 /* AppDelegate.swift */,
				92AE01EB298A920400BCC170 /* SceneDelegate.swift */,
				92AE0203298A9F4E00BCC170 /* Controllers */,
				92AE01F2298A920600BCC170 /* Assets.xcassets */,
				92AE01F4298A920600BCC170 /* LaunchScreen.storyboard */,
				92AE01F7298A920600BCC170 /* Info.plist */,
			);
			path = Navigation;
			sourceTree = "<group>";
		};
		92AE0203298A9F4E00BCC170 /* Controllers */ = {
			isa = PBXGroup;
			children = (
				92ADEBF629B3833E006FA9A8 /* PhotosViewController.swift */,
				92188B69299EA2A700BC1537 /* LogInViewController.swift */,
				92AE0201298A9F3B00BCC170 /* ProfileViewController.swift */,
				92AE01FF298A9F1800BCC170 /* FeedViewController.swift */,
				92AE0204298AB49E00BCC170 /* PostViewController.swift */,
				92735C86298C50EE00313A4F /* InfoViewController.swift */,
			);
			path = Controllers;
			sourceTree = "<group>";
		};
		92AE0206298AB4CC00BCC170 /* Model */ = {
			isa = PBXGroup;
			children = (
				92AE0207298AB4DC00BCC170 /* Post.swift */,
				929161DB29B7599D009B21CE /* Photo.swift */,
			);
			path = Model;
			sourceTree = "<group>";
		};
		92AE0209298AB7D400BCC170 /* Custom Views */ = {
			isa = PBXGroup;
			children = (
				92AE020A298AB80400BCC170 /* AppButton.swift */,
			);
			path = "Custom Views";
			sourceTree = "<group>";
		};
/* End PBXGroup section */

/* Begin PBXNativeTarget section */
		92AE01E5298A920400BCC170 /* Navigation */ = {
			isa = PBXNativeTarget;
			buildConfigurationList = 92AE01FA298A920600BCC170 /* Build configuration list for PBXNativeTarget "Navigation" */;
			buildPhases = (
				92AE01E2298A920400BCC170 /* Sources */,
				92AE01E3298A920400BCC170 /* Frameworks */,
				92AE01E4298A920400BCC170 /* Resources */,
			);
			buildRules = (
			);
			dependencies = (
			);
			name = Navigation;
			productName = Navigation;
			productReference = 92AE01E6298A920400BCC170 /* Navigation.app */;
			productType = "com.apple.product-type.application";
		};
/* End PBXNativeTarget section */

/* Begin PBXProject section */
		92AE01DE298A920400BCC170 /* Project object */ = {
			isa = PBXProject;
			attributes = {
				BuildIndependentTargetsInParallel = 1;
				LastSwiftUpdateCheck = 1420;
				LastUpgradeCheck = 1420;
				TargetAttributes = {
					92AE01E5298A920400BCC170 = {
						CreatedOnToolsVersion = 14.2;
					};
				};
			};
			buildConfigurationList = 92AE01E1298A920400BCC170 /* Build configuration list for PBXProject "Navigation" */;
			compatibilityVersion = "Xcode 14.0";
			developmentRegion = en;
			hasScannedForEncodings = 0;
			knownRegions = (
				en,
				Base,
			);
			mainGroup = 92AE01DD298A920400BCC170;
			productRefGroup = 92AE01E7298A920400BCC170 /* Products */;
			projectDirPath = "";
			projectRoot = "";
			targets = (
				92AE01E5298A920400BCC170 /* Navigation */,
			);
		};
/* End PBXProject section */

/* Begin PBXResourcesBuildPhase section */
		92AE01E4298A920400BCC170 /* Resources */ = {
			isa = PBXResourcesBuildPhase;
			buildActionMask = 2147483647;
			files = (
				92AE01F6298A920600BCC170 /* LaunchScreen.storyboard in Resources */,
				92AE01F3298A920600BCC170 /* Assets.xcassets in Resources */,
			);
			runOnlyForDeploymentPostprocessing = 0;
		};
/* End PBXResourcesBuildPhase section */

/* Begin PBXSourcesBuildPhase section */
		92AE01E2298A920400BCC170 /* Sources */ = {
			isa = PBXSourcesBuildPhase;
			buildActionMask = 2147483647;
			files = (
				92CE1FD029A89A2F00B61A30 /* UIViewExt.swift in Sources */,
				92AE0205298AB49E00BCC170 /* PostViewController.swift in Sources */,
				92AE0202298A9F3B00BCC170 /* ProfileViewController.swift in Sources */,
				92AE0200298A9F1800BCC170 /* FeedViewController.swift in Sources */,
				929161DC29B7599D009B21CE /* Photo.swift in Sources */,
				9272746829B89C47000887A0 /* FeedCollectionViewCell.swift in Sources */,
				92A2101129ACC238009BCA4A /* PhotosTableViewCell.swift in Sources */,
				92CE1FD229A89AC400B61A30 /* ProfileViewControllerExt.swift in Sources */,
				92735C87298C50EE00313A4F /* InfoViewController.swift in Sources */,
				92AE01EA298A920400BCC170 /* AppDelegate.swift in Sources */,
				92ADEBF729B3833E006FA9A8 /* PhotosViewController.swift in Sources */,
				92AE0208298AB4DC00BCC170 /* Post.swift in Sources */,
				92F4C20029B9DD7C00349D7D /* PhotosTableViewCellExt.swift in Sources */,
				920AF589299436A300A36578 /* ProfileHeaderView.swift in Sources */,
				92754E1229B4A5510005DBD8 /* PhotosViewControllerExt.swift in Sources */,
				92C3967929BE03F7005FADAF /* PostTableViewCellExt.swift in Sources */,
				92188B6A299EA2A700BC1537 /* LogInViewController.swift in Sources */,
				92CE1FD429A8D35B00B61A30 /* PostTableViewCell.swift in Sources */,
				92AE01EC298A920400BCC170 /* SceneDelegate.swift in Sources */,
				92A2101529ACDB26009BCA4A /* PhotosCollectionViewCell.swift in Sources */,
				92AE020B298AB80400BCC170 /* AppButton.swift in Sources */,
				92188B68299E9BEF00BC1537 /* UITextFieldExt.swift in Sources */,
			);
			runOnlyForDeploymentPostprocessing = 0;
		};
/* End PBXSourcesBuildPhase section */

/* Begin PBXVariantGroup section */
		92AE01F4298A920600BCC170 /* LaunchScreen.storyboard */ = {
			isa = PBXVariantGroup;
			children = (
				92AE01F5298A920600BCC170 /* Base */,
			);
			name = LaunchScreen.storyboard;
			sourceTree = "<group>";
		};
/* End PBXVariantGroup section */

/* Begin XCBuildConfiguration section */
		92AE01F8298A920600BCC170 /* Debug */ = {
			isa = XCBuildConfiguration;
			buildSettings = {
				ALWAYS_SEARCH_USER_PATHS = NO;
				CLANG_ANALYZER_NONNULL = YES;
				CLANG_ANALYZER_NUMBER_OBJECT_CONVERSION = YES_AGGRESSIVE;
				CLANG_CXX_LANGUAGE_STANDARD = "gnu++20";
				CLANG_ENABLE_MODULES = YES;
				CLANG_ENABLE_OBJC_ARC = YES;
				CLANG_ENABLE_OBJC_WEAK = YES;
				CLANG_WARN_BLOCK_CAPTURE_AUTORELEASING = YES;
				CLANG_WARN_BOOL_CONVERSION = YES;
				CLANG_WARN_COMMA = YES;
				CLANG_WARN_CONSTANT_CONVERSION = YES;
				CLANG_WARN_DEPRECATED_OBJC_IMPLEMENTATIONS = YES;
				CLANG_WARN_DIRECT_OBJC_ISA_USAGE = YES_ERROR;
				CLANG_WARN_DOCUMENTATION_COMMENTS = YES;
				CLANG_WARN_EMPTY_BODY = YES;
				CLANG_WARN_ENUM_CONVERSION = YES;
				CLANG_WARN_INFINITE_RECURSION = YES;
				CLANG_WARN_INT_CONVERSION = YES;
				CLANG_WARN_NON_LITERAL_NULL_CONVERSION = YES;
				CLANG_WARN_OBJC_IMPLICIT_RETAIN_SELF = YES;
				CLANG_WARN_OBJC_LITERAL_CONVERSION = YES;
				CLANG_WARN_OBJC_ROOT_CLASS = YES_ERROR;
				CLANG_WARN_QUOTED_INCLUDE_IN_FRAMEWORK_HEADER = YES;
				CLANG_WARN_RANGE_LOOP_ANALYSIS = YES;
				CLANG_WARN_STRICT_PROTOTYPES = YES;
				CLANG_WARN_SUSPICIOUS_MOVE = YES;
				CLANG_WARN_UNGUARDED_AVAILABILITY = YES_AGGRESSIVE;
				CLANG_WARN_UNREACHABLE_CODE = YES;
				CLANG_WARN__DUPLICATE_METHOD_MATCH = YES;
				COPY_PHASE_STRIP = NO;
				DEBUG_INFORMATION_FORMAT = dwarf;
				ENABLE_STRICT_OBJC_MSGSEND = YES;
				ENABLE_TESTABILITY = YES;
				GCC_C_LANGUAGE_STANDARD = gnu11;
				GCC_DYNAMIC_NO_PIC = NO;
				GCC_NO_COMMON_BLOCKS = YES;
				GCC_OPTIMIZATION_LEVEL = 0;
				GCC_PREPROCESSOR_DEFINITIONS = (
					"DEBUG=1",
					"$(inherited)",
				);
				GCC_WARN_64_TO_32_BIT_CONVERSION = YES;
				GCC_WARN_ABOUT_RETURN_TYPE = YES_ERROR;
				GCC_WARN_UNDECLARED_SELECTOR = YES;
				GCC_WARN_UNINITIALIZED_AUTOS = YES_AGGRESSIVE;
				GCC_WARN_UNUSED_FUNCTION = YES;
				GCC_WARN_UNUSED_VARIABLE = YES;
				IPHONEOS_DEPLOYMENT_TARGET = 16.2;
				MTL_ENABLE_DEBUG_INFO = INCLUDE_SOURCE;
				MTL_FAST_MATH = YES;
				ONLY_ACTIVE_ARCH = YES;
				SDKROOT = iphoneos;
				SWIFT_ACTIVE_COMPILATION_CONDITIONS = DEBUG;
				SWIFT_OPTIMIZATION_LEVEL = "-Onone";
			};
			name = Debug;
		};
		92AE01F9298A920600BCC170 /* Release */ = {
			isa = XCBuildConfiguration;
			buildSettings = {
				ALWAYS_SEARCH_USER_PATHS = NO;
				CLANG_ANALYZER_NONNULL = YES;
				CLANG_ANALYZER_NUMBER_OBJECT_CONVERSION = YES_AGGRESSIVE;
				CLANG_CXX_LANGUAGE_STANDARD = "gnu++20";
				CLANG_ENABLE_MODULES = YES;
				CLANG_ENABLE_OBJC_ARC = YES;
				CLANG_ENABLE_OBJC_WEAK = YES;
				CLANG_WARN_BLOCK_CAPTURE_AUTORELEASING = YES;
				CLANG_WARN_BOOL_CONVERSION = YES;
				CLANG_WARN_COMMA = YES;
				CLANG_WARN_CONSTANT_CONVERSION = YES;
				CLANG_WARN_DEPRECATED_OBJC_IMPLEMENTATIONS = YES;
				CLANG_WARN_DIRECT_OBJC_ISA_USAGE = YES_ERROR;
				CLANG_WARN_DOCUMENTATION_COMMENTS = YES;
				CLANG_WARN_EMPTY_BODY = YES;
				CLANG_WARN_ENUM_CONVERSION = YES;
				CLANG_WARN_INFINITE_RECURSION = YES;
				CLANG_WARN_INT_CONVERSION = YES;
				CLANG_WARN_NON_LITERAL_NULL_CONVERSION = YES;
				CLANG_WARN_OBJC_IMPLICIT_RETAIN_SELF = YES;
				CLANG_WARN_OBJC_LITERAL_CONVERSION = YES;
				CLANG_WARN_OBJC_ROOT_CLASS = YES_ERROR;
				CLANG_WARN_QUOTED_INCLUDE_IN_FRAMEWORK_HEADER = YES;
				CLANG_WARN_RANGE_LOOP_ANALYSIS = YES;
				CLANG_WARN_STRICT_PROTOTYPES = YES;
				CLANG_WARN_SUSPICIOUS_MOVE = YES;
				CLANG_WARN_UNGUARDED_AVAILABILITY = YES_AGGRESSIVE;
				CLANG_WARN_UNREACHABLE_CODE = YES;
				CLANG_WARN__DUPLICATE_METHOD_MATCH = YES;
				COPY_PHASE_STRIP = NO;
				DEBUG_INFORMATION_FORMAT = "dwarf-with-dsym";
				ENABLE_NS_ASSERTIONS = NO;
				ENABLE_STRICT_OBJC_MSGSEND = YES;
				GCC_C_LANGUAGE_STANDARD = gnu11;
				GCC_NO_COMMON_BLOCKS = YES;
				GCC_WARN_64_TO_32_BIT_CONVERSION = YES;
				GCC_WARN_ABOUT_RETURN_TYPE = YES_ERROR;
				GCC_WARN_UNDECLARED_SELECTOR = YES;
				GCC_WARN_UNINITIALIZED_AUTOS = YES_AGGRESSIVE;
				GCC_WARN_UNUSED_FUNCTION = YES;
				GCC_WARN_UNUSED_VARIABLE = YES;
				IPHONEOS_DEPLOYMENT_TARGET = 16.2;
				MTL_ENABLE_DEBUG_INFO = NO;
				MTL_FAST_MATH = YES;
				SDKROOT = iphoneos;
				SWIFT_COMPILATION_MODE = wholemodule;
				SWIFT_OPTIMIZATION_LEVEL = "-O";
				VALIDATE_PRODUCT = YES;
			};
			name = Release;
		};
		92AE01FB298A920600BCC170 /* Debug */ = {
			isa = XCBuildConfiguration;
			buildSettings = {
				ASSETCATALOG_COMPILER_APPICON_NAME = AppIcon;
				ASSETCATALOG_COMPILER_GLOBAL_ACCENT_COLOR_NAME = AccentColor;
				CODE_SIGN_STYLE = Manual;
				CURRENT_PROJECT_VERSION = 1;
				DEVELOPMENT_TEAM = "";
				GENERATE_INFOPLIST_FILE = YES;
				INFOPLIST_FILE = Navigation/Info.plist;
				INFOPLIST_KEY_UIApplicationSupportsIndirectInputEvents = YES;
				INFOPLIST_KEY_UILaunchStoryboardName = LaunchScreen;
				INFOPLIST_KEY_UISupportedInterfaceOrientations = "UIInterfaceOrientationLandscapeLeft UIInterfaceOrientationLandscapeRight UIInterfaceOrientationPortrait";
				INFOPLIST_KEY_UISupportedInterfaceOrientations_iPad = "UIInterfaceOrientationLandscapeLeft UIInterfaceOrientationLandscapeRight UIInterfaceOrientationPortrait UIInterfaceOrientationPortraitUpsideDown";
				IPHONEOS_DEPLOYMENT_TARGET = 15.0;
				LD_RUNPATH_SEARCH_PATHS = (
					"$(inherited)",
					"@executable_path/Frameworks",
				);
				MARKETING_VERSION = 1.0;
				PRODUCT_BUNDLE_IDENTIFIER = "com.DenisYu-gen.Navigation";
				PRODUCT_NAME = "$(TARGET_NAME)";
				PROVISIONING_PROFILE_SPECIFIER = "";
				SUPPORTED_PLATFORMS = "iphoneos iphonesimulator";
				SUPPORTS_MACCATALYST = NO;
				SUPPORTS_MAC_DESIGNED_FOR_IPHONE_IPAD = NO;
				SWIFT_EMIT_LOC_STRINGS = YES;
				SWIFT_VERSION = 5.0;
				TARGETED_DEVICE_FAMILY = 1;
			};
			name = Debug;
		};
		92AE01FC298A920600BCC170 /* Release */ = {
			isa = XCBuildConfiguration;
			buildSettings = {
				ASSETCATALOG_COMPILER_APPICON_NAME = AppIcon;
				ASSETCATALOG_COMPILER_GLOBAL_ACCENT_COLOR_NAME = AccentColor;
				CODE_SIGN_STYLE = Manual;
				CURRENT_PROJECT_VERSION = 1;
				DEVELOPMENT_TEAM = "";
				GENERATE_INFOPLIST_FILE = YES;
				INFOPLIST_FILE = Navigation/Info.plist;
				INFOPLIST_KEY_UIApplicationSupportsIndirectInputEvents = YES;
				INFOPLIST_KEY_UILaunchStoryboardName = LaunchScreen;
				INFOPLIST_KEY_UISupportedInterfaceOrientations = "UIInterfaceOrientationLandscapeLeft UIInterfaceOrientationLandscapeRight UIInterfaceOrientationPortrait";
				INFOPLIST_KEY_UISupportedInterfaceOrientations_iPad = "UIInterfaceOrientationLandscapeLeft UIInterfaceOrientationLandscapeRight UIInterfaceOrientationPortrait UIInterfaceOrientationPortraitUpsideDown";
				IPHONEOS_DEPLOYMENT_TARGET = 15.0;
				LD_RUNPATH_SEARCH_PATHS = (
					"$(inherited)",
					"@executable_path/Frameworks",
				);
				MARKETING_VERSION = 1.0;
				PRODUCT_BUNDLE_IDENTIFIER = "com.DenisYu-gen.Navigation";
				PRODUCT_NAME = "$(TARGET_NAME)";
				PROVISIONING_PROFILE_SPECIFIER = "";
				SUPPORTED_PLATFORMS = "iphoneos iphonesimulator";
				SUPPORTS_MACCATALYST = NO;
				SUPPORTS_MAC_DESIGNED_FOR_IPHONE_IPAD = NO;
				SWIFT_EMIT_LOC_STRINGS = YES;
				SWIFT_VERSION = 5.0;
				TARGETED_DEVICE_FAMILY = 1;
			};
			name = Release;
		};
/* End XCBuildConfiguration section */

/* Begin XCConfigurationList section */
		92AE01E1298A920400BCC170 /* Build configuration list for PBXProject "Navigation" */ = {
			isa = XCConfigurationList;
			buildConfigurations = (
				92AE01F8298A920600BCC170 /* Debug */,
				92AE01F9298A920600BCC170 /* Release */,
			);
			defaultConfigurationIsVisible = 0;
			defaultConfigurationName = Release;
		};
		92AE01FA298A920600BCC170 /* Build configuration list for PBXNativeTarget "Navigation" */ = {
			isa = XCConfigurationList;
			buildConfigurations = (
				92AE01FB298A920600BCC170 /* Debug */,
				92AE01FC298A920600BCC170 /* Release */,
			);
			defaultConfigurationIsVisible = 0;
			defaultConfigurationName = Release;
		};
/* End XCConfigurationList section */
	};
	rootObject = 92AE01DE298A920400BCC170 /* Project object */;
}
